// !$*UTF8*$!
{
	archiveVersion = 1;
	classes = {
	};
	objectVersion = 46;
	objects = {

/* Begin PBXBuildFile section */
		AA5C895E1C6AA6D900DE3EFF /* AppDelegate.swift in Sources */ = {isa = PBXBuildFile; fileRef = AA5C895D1C6AA6D900DE3EFF /* AppDelegate.swift */; };
		AA5C89601C6AA6D900DE3EFF /* ViewController.swift in Sources */ = {isa = PBXBuildFile; fileRef = AA5C895F1C6AA6D900DE3EFF /* ViewController.swift */; };
		AA5C89631C6AA6D900DE3EFF /* Main.storyboard in Resources */ = {isa = PBXBuildFile; fileRef = AA5C89611C6AA6D900DE3EFF /* Main.storyboard */; };
		AA5C89651C6AA6D900DE3EFF /* Assets.xcassets in Resources */ = {isa = PBXBuildFile; fileRef = AA5C89641C6AA6D900DE3EFF /* Assets.xcassets */; };
		AA5C89681C6AA6D900DE3EFF /* LaunchScreen.storyboard in Resources */ = {isa = PBXBuildFile; fileRef = AA5C89661C6AA6D900DE3EFF /* LaunchScreen.storyboard */; };
		AA5C89731C6AA6D900DE3EFF /* Carousel_SignupTests.swift in Sources */ = {isa = PBXBuildFile; fileRef = AA5C89721C6AA6D900DE3EFF /* Carousel_SignupTests.swift */; };
		AA5C897E1C6AA6D900DE3EFF /* Carousel_SignupUITests.swift in Sources */ = {isa = PBXBuildFile; fileRef = AA5C897D1C6AA6D900DE3EFF /* Carousel_SignupUITests.swift */; };
		AA5C898E1C6BA21600DE3EFF /* Common.swift in Sources */ = {isa = PBXBuildFile; fileRef = AA5C898D1C6BA21600DE3EFF /* Common.swift */; };
		AA5C89901C6BA3A100DE3EFF /* IntroViewController.swift in Sources */ = {isa = PBXBuildFile; fileRef = AA5C898F1C6BA3A100DE3EFF /* IntroViewController.swift */; };
		AA5C89921C6BB4BB00DE3EFF /* LoginViewController.swift in Sources */ = {isa = PBXBuildFile; fileRef = AA5C89911C6BB4BB00DE3EFF /* LoginViewController.swift */; };
		AA5C89941C6D590300DE3EFF /* tutorialViewController.swift in Sources */ = {isa = PBXBuildFile; fileRef = AA5C89931C6D590300DE3EFF /* tutorialViewController.swift */; };
		AA90D99C1C6FDEE8005DDB46 /* TimelineViewController.swift in Sources */ = {isa = PBXBuildFile; fileRef = AA90D99B1C6FDEE8005DDB46 /* TimelineViewController.swift */; };
		AA90D99E1C6FE290005DDB46 /* ConversationsViewController.swift in Sources */ = {isa = PBXBuildFile; fileRef = AA90D99D1C6FE290005DDB46 /* ConversationsViewController.swift */; };
/* End PBXBuildFile section */

/* Begin PBXContainerItemProxy section */
		AA5C896F1C6AA6D900DE3EFF /* PBXContainerItemProxy */ = {
			isa = PBXContainerItemProxy;
			containerPortal = AA5C89521C6AA6D900DE3EFF /* Project object */;
			proxyType = 1;
			remoteGlobalIDString = AA5C89591C6AA6D900DE3EFF;
			remoteInfo = "Carousel Signup";
		};
		AA5C897A1C6AA6D900DE3EFF /* PBXContainerItemProxy */ = {
			isa = PBXContainerItemProxy;
			containerPortal = AA5C89521C6AA6D900DE3EFF /* Project object */;
			proxyType = 1;
			remoteGlobalIDString = AA5C89591C6AA6D900DE3EFF;
			remoteInfo = "Carousel Signup";
		};
/* End PBXContainerItemProxy section */

/* Begin PBXFileReference section */
		AA5C895A1C6AA6D900DE3EFF /* Carousel Signup.app */ = {isa = PBXFileReference; explicitFileType = wrapper.application; includeInIndex = 0; path = "Carousel Signup.app"; sourceTree = BUILT_PRODUCTS_DIR; };
		AA5C895D1C6AA6D900DE3EFF /* AppDelegate.swift */ = {isa = PBXFileReference; lastKnownFileType = sourcecode.swift; path = AppDelegate.swift; sourceTree = "<group>"; };
		AA5C895F1C6AA6D900DE3EFF /* ViewController.swift */ = {isa = PBXFileReference; lastKnownFileType = sourcecode.swift; path = ViewController.swift; sourceTree = "<group>"; };
		AA5C89621C6AA6D900DE3EFF /* Base */ = {isa = PBXFileReference; lastKnownFileType = file.storyboard; name = Base; path = Base.lproj/Main.storyboard; sourceTree = "<group>"; };
		AA5C89641C6AA6D900DE3EFF /* Assets.xcassets */ = {isa = PBXFileReference; lastKnownFileType = folder.assetcatalog; path = Assets.xcassets; sourceTree = "<group>"; };
		AA5C89671C6AA6D900DE3EFF /* Base */ = {isa = PBXFileReference; lastKnownFileType = file.storyboard; name = Base; path = Base.lproj/LaunchScreen.storyboard; sourceTree = "<group>"; };
		AA5C89691C6AA6D900DE3EFF /* Info.plist */ = {isa = PBXFileReference; lastKnownFileType = text.plist.xml; path = Info.plist; sourceTree = "<group>"; };
		AA5C896E1C6AA6D900DE3EFF /* Carousel SignupTests.xctest */ = {isa = PBXFileReference; explicitFileType = wrapper.cfbundle; includeInIndex = 0; path = "Carousel SignupTests.xctest"; sourceTree = BUILT_PRODUCTS_DIR; };
		AA5C89721C6AA6D900DE3EFF /* Carousel_SignupTests.swift */ = {isa = PBXFileReference; lastKnownFileType = sourcecode.swift; path = Carousel_SignupTests.swift; sourceTree = "<group>"; };
		AA5C89741C6AA6D900DE3EFF /* Info.plist */ = {isa = PBXFileReference; lastKnownFileType = text.plist.xml; path = Info.plist; sourceTree = "<group>"; };
		AA5C89791C6AA6D900DE3EFF /* Carousel SignupUITests.xctest */ = {isa = PBXFileReference; explicitFileType = wrapper.cfbundle; includeInIndex = 0; path = "Carousel SignupUITests.xctest"; sourceTree = BUILT_PRODUCTS_DIR; };
		AA5C897D1C6AA6D900DE3EFF /* Carousel_SignupUITests.swift */ = {isa = PBXFileReference; lastKnownFileType = sourcecode.swift; path = Carousel_SignupUITests.swift; sourceTree = "<group>"; };
		AA5C897F1C6AA6D900DE3EFF /* Info.plist */ = {isa = PBXFileReference; lastKnownFileType = text.plist.xml; path = Info.plist; sourceTree = "<group>"; };
		AA5C898D1C6BA21600DE3EFF /* Common.swift */ = {isa = PBXFileReference; fileEncoding = 4; lastKnownFileType = sourcecode.swift; path = Common.swift; sourceTree = "<group>"; };
		AA5C898F1C6BA3A100DE3EFF /* IntroViewController.swift */ = {isa = PBXFileReference; fileEncoding = 4; lastKnownFileType = sourcecode.swift; path = IntroViewController.swift; sourceTree = "<group>"; };
		AA5C89911C6BB4BB00DE3EFF /* LoginViewController.swift */ = {isa = PBXFileReference; fileEncoding = 4; lastKnownFileType = sourcecode.swift; path = LoginViewController.swift; sourceTree = "<group>"; };
		AA5C89931C6D590300DE3EFF /* tutorialViewController.swift */ = {isa = PBXFileReference; fileEncoding = 4; lastKnownFileType = sourcecode.swift; path = tutorialViewController.swift; sourceTree = "<group>"; };
		AA90D99B1C6FDEE8005DDB46 /* TimelineViewController.swift */ = {isa = PBXFileReference; fileEncoding = 4; lastKnownFileType = sourcecode.swift; path = TimelineViewController.swift; sourceTree = "<group>"; };
		AA90D99D1C6FE290005DDB46 /* ConversationsViewController.swift */ = {isa = PBXFileReference; fileEncoding = 4; lastKnownFileType = sourcecode.swift; path = ConversationsViewController.swift; sourceTree = "<group>"; };
/* End PBXFileReference section */

/* Begin PBXFrameworksBuildPhase section */
		AA5C89571C6AA6D900DE3EFF /* Frameworks */ = {
			isa = PBXFrameworksBuildPhase;
			buildActionMask = 2147483647;
			files = (
			);
			runOnlyForDeploymentPostprocessing = 0;
		};
		AA5C896B1C6AA6D900DE3EFF /* Frameworks */ = {
			isa = PBXFrameworksBuildPhase;
			buildActionMask = 2147483647;
			files = (
			);
			runOnlyForDeploymentPostprocessing = 0;
		};
		AA5C89761C6AA6D900DE3EFF /* Frameworks */ = {
			isa = PBXFrameworksBuildPhase;
			buildActionMask = 2147483647;
			files = (
			);
			runOnlyForDeploymentPostprocessing = 0;
		};
/* End PBXFrameworksBuildPhase section */

/* Begin PBXGroup section */
		AA5C89511C6AA6D900DE3EFF = {
			isa = PBXGroup;
			children = (
				AA5C895C1C6AA6D900DE3EFF /* Carousel Signup */,
				AA5C89711C6AA6D900DE3EFF /* Carousel SignupTests */,
				AA5C897C1C6AA6D900DE3EFF /* Carousel SignupUITests */,
				AA5C895B1C6AA6D900DE3EFF /* Products */,
			);
			sourceTree = "<group>";
		};
		AA5C895B1C6AA6D900DE3EFF /* Products */ = {
			isa = PBXGroup;
			children = (
				AA5C895A1C6AA6D900DE3EFF /* Carousel Signup.app */,
				AA5C896E1C6AA6D900DE3EFF /* Carousel SignupTests.xctest */,
				AA5C89791C6AA6D900DE3EFF /* Carousel SignupUITests.xctest */,
			);
			name = Products;
			sourceTree = "<group>";
		};
		AA5C895C1C6AA6D900DE3EFF /* Carousel Signup */ = {
			isa = PBXGroup;
			children = (
				AA5C898D1C6BA21600DE3EFF /* Common.swift */,
				AA5C895D1C6AA6D900DE3EFF /* AppDelegate.swift */,
				AA5C895F1C6AA6D900DE3EFF /* ViewController.swift */,
				AA5C89611C6AA6D900DE3EFF /* Main.storyboard */,
				AA90D99D1C6FE290005DDB46 /* ConversationsViewController.swift */,
				AA90D99B1C6FDEE8005DDB46 /* TimelineViewController.swift */,
				AA5C89931C6D590300DE3EFF /* tutorialViewController.swift */,
				AA5C89911C6BB4BB00DE3EFF /* LoginViewController.swift */,
				AA5C898F1C6BA3A100DE3EFF /* IntroViewController.swift */,
				AA5C89641C6AA6D900DE3EFF /* Assets.xcassets */,
				AA5C89661C6AA6D900DE3EFF /* LaunchScreen.storyboard */,
				AA5C89691C6AA6D900DE3EFF /* Info.plist */,
			);
			path = "Carousel Signup";
			sourceTree = "<group>";
		};
		AA5C89711C6AA6D900DE3EFF /* Carousel SignupTests */ = {
			isa = PBXGroup;
			children = (
				AA5C89721C6AA6D900DE3EFF /* Carousel_SignupTests.swift */,
				AA5C89741C6AA6D900DE3EFF /* Info.plist */,
			);
			path = "Carousel SignupTests";
			sourceTree = "<group>";
		};
		AA5C897C1C6AA6D900DE3EFF /* Carousel SignupUITests */ = {
			isa = PBXGroup;
			children = (
				AA5C897D1C6AA6D900DE3EFF /* Carousel_SignupUITests.swift */,
				AA5C897F1C6AA6D900DE3EFF /* Info.plist */,
			);
			path = "Carousel SignupUITests";
			sourceTree = "<group>";
		};
/* End PBXGroup section */

/* Begin PBXNativeTarget section */
		AA5C89591C6AA6D900DE3EFF /* Carousel Signup */ = {
			isa = PBXNativeTarget;
			buildConfigurationList = AA5C89821C6AA6D900DE3EFF /* Build configuration list for PBXNativeTarget "Carousel Signup" */;
			buildPhases = (
				AA5C89561C6AA6D900DE3EFF /* Sources */,
				AA5C89571C6AA6D900DE3EFF /* Frameworks */,
				AA5C89581C6AA6D900DE3EFF /* Resources */,
			);
			buildRules = (
			);
			dependencies = (
			);
			name = "Carousel Signup";
			productName = "Carousel Signup";
			productReference = AA5C895A1C6AA6D900DE3EFF /* Carousel Signup.app */;
			productType = "com.apple.product-type.application";
		};
		AA5C896D1C6AA6D900DE3EFF /* Carousel SignupTests */ = {
			isa = PBXNativeTarget;
			buildConfigurationList = AA5C89851C6AA6D900DE3EFF /* Build configuration list for PBXNativeTarget "Carousel SignupTests" */;
			buildPhases = (
				AA5C896A1C6AA6D900DE3EFF /* Sources */,
				AA5C896B1C6AA6D900DE3EFF /* Frameworks */,
				AA5C896C1C6AA6D900DE3EFF /* Resources */,
			);
			buildRules = (
			);
			dependencies = (
				AA5C89701C6AA6D900DE3EFF /* PBXTargetDependency */,
			);
			name = "Carousel SignupTests";
			productName = "Carousel SignupTests";
			productReference = AA5C896E1C6AA6D900DE3EFF /* Carousel SignupTests.xctest */;
			productType = "com.apple.product-type.bundle.unit-test";
		};
		AA5C89781C6AA6D900DE3EFF /* Carousel SignupUITests */ = {
			isa = PBXNativeTarget;
			buildConfigurationList = AA5C89881C6AA6D900DE3EFF /* Build configuration list for PBXNativeTarget "Carousel SignupUITests" */;
			buildPhases = (
				AA5C89751C6AA6D900DE3EFF /* Sources */,
				AA5C89761C6AA6D900DE3EFF /* Frameworks */,
				AA5C89771C6AA6D900DE3EFF /* Resources */,
			);
			buildRules = (
			);
			dependencies = (
				AA5C897B1C6AA6D900DE3EFF /* PBXTargetDependency */,
			);
			name = "Carousel SignupUITests";
			productName = "Carousel SignupUITests";
			productReference = AA5C89791C6AA6D900DE3EFF /* Carousel SignupUITests.xctest */;
			productType = "com.apple.product-type.bundle.ui-testing";
		};
/* End PBXNativeTarget section */

/* Begin PBXProject section */
		AA5C89521C6AA6D900DE3EFF /* Project object */ = {
			isa = PBXProject;
			attributes = {
				LastSwiftUpdateCheck = 0720;
				LastUpgradeCheck = 0720;
				ORGANIZATIONNAME = "Nathaniel Hajian";
				TargetAttributes = {
					AA5C89591C6AA6D900DE3EFF = {
						CreatedOnToolsVersion = 7.2;
						DevelopmentTeam = 6822G8JCC4;
					};
					AA5C896D1C6AA6D900DE3EFF = {
						CreatedOnToolsVersion = 7.2;
						DevelopmentTeam = 6822G8JCC4;
						TestTargetID = AA5C89591C6AA6D900DE3EFF;
					};
					AA5C89781C6AA6D900DE3EFF = {
						CreatedOnToolsVersion = 7.2;
						DevelopmentTeam = 6822G8JCC4;
						TestTargetID = AA5C89591C6AA6D900DE3EFF;
					};
				};
			};
			buildConfigurationList = AA5C89551C6AA6D900DE3EFF /* Build configuration list for PBXProject "Carousel Signup" */;
			compatibilityVersion = "Xcode 3.2";
			developmentRegion = English;
			hasScannedForEncodings = 0;
			knownRegions = (
				en,
				Base,
			);
			mainGroup = AA5C89511C6AA6D900DE3EFF;
			productRefGroup = AA5C895B1C6AA6D900DE3EFF /* Products */;
			projectDirPath = "";
			projectRoot = "";
			targets = (
				AA5C89591C6AA6D900DE3EFF /* Carousel Signup */,
				AA5C896D1C6AA6D900DE3EFF /* Carousel SignupTests */,
				AA5C89781C6AA6D900DE3EFF /* Carousel SignupUITests */,
			);
		};
/* End PBXProject section */

/* Begin PBXResourcesBuildPhase section */
		AA5C89581C6AA6D900DE3EFF /* Resources */ = {
			isa = PBXResourcesBuildPhase;
			buildActionMask = 2147483647;
			files = (
				AA5C89681C6AA6D900DE3EFF /* LaunchScreen.storyboard in Resources */,
				AA5C89651C6AA6D900DE3EFF /* Assets.xcassets in Resources */,
				AA5C89631C6AA6D900DE3EFF /* Main.storyboard in Resources */,
			);
			runOnlyForDeploymentPostprocessing = 0;
		};
		AA5C896C1C6AA6D900DE3EFF /* Resources */ = {
			isa = PBXResourcesBuildPhase;
			buildActionMask = 2147483647;
			files = (
			);
			runOnlyForDeploymentPostprocessing = 0;
		};
		AA5C89771C6AA6D900DE3EFF /* Resources */ = {
			isa = PBXResourcesBuildPhase;
			buildActionMask = 2147483647;
			files = (
			);
			runOnlyForDeploymentPostprocessing = 0;
		};
/* End PBXResourcesBuildPhase section */

/* Begin PBXSourcesBuildPhase section */
		AA5C89561C6AA6D900DE3EFF /* Sources */ = {
			isa = PBXSourcesBuildPhase;
			buildActionMask = 2147483647;
			files = (
				AA5C89601C6AA6D900DE3EFF /* ViewController.swift in Sources */,
				AA5C898E1C6BA21600DE3EFF /* Common.swift in Sources */,
				AA5C89941C6D590300DE3EFF /* tutorialViewController.swift in Sources */,
				AA90D99E1C6FE290005DDB46 /* ConversationsViewController.swift in Sources */,
				AA5C895E1C6AA6D900DE3EFF /* AppDelegate.swift in Sources */,
				AA90D99C1C6FDEE8005DDB46 /* TimelineViewController.swift in Sources */,
				AA5C89921C6BB4BB00DE3EFF /* LoginViewController.swift in Sources */,
				AA5C89901C6BA3A100DE3EFF /* IntroViewController.swift in Sources */,
			);
			runOnlyForDeploymentPostprocessing = 0;
		};
		AA5C896A1C6AA6D900DE3EFF /* Sources */ = {
			isa = PBXSourcesBuildPhase;
			buildActionMask = 2147483647;
			files = (
				AA5C89731C6AA6D900DE3EFF /* Carousel_SignupTests.swift in Sources */,
			);
			runOnlyForDeploymentPostprocessing = 0;
		};
		AA5C89751C6AA6D900DE3EFF /* Sources */ = {
			isa = PBXSourcesBuildPhase;
			buildActionMask = 2147483647;
			files = (
				AA5C897E1C6AA6D900DE3EFF /* Carousel_SignupUITests.swift in Sources */,
			);
			runOnlyForDeploymentPostprocessing = 0;
		};
/* End PBXSourcesBuildPhase section */

/* Begin PBXTargetDependency section */
		AA5C89701C6AA6D900DE3EFF /* PBXTargetDependency */ = {
			isa = PBXTargetDependency;
			target = AA5C89591C6AA6D900DE3EFF /* Carousel Signup */;
			targetProxy = AA5C896F1C6AA6D900DE3EFF /* PBXContainerItemProxy */;
		};
		AA5C897B1C6AA6D900DE3EFF /* PBXTargetDependency */ = {
			isa = PBXTargetDependency;
			target = AA5C89591C6AA6D900DE3EFF /* Carousel Signup */;
			targetProxy = AA5C897A1C6AA6D900DE3EFF /* PBXContainerItemProxy */;
		};
/* End PBXTargetDependency section */

/* Begin PBXVariantGroup section */
		AA5C89611C6AA6D900DE3EFF /* Main.storyboard */ = {
			isa = PBXVariantGroup;
			children = (
				AA5C89621C6AA6D900DE3EFF /* Base */,
			);
			name = Main.storyboard;
			sourceTree = "<group>";
		};
		AA5C89661C6AA6D900DE3EFF /* LaunchScreen.storyboard */ = {
			isa = PBXVariantGroup;
			children = (
				AA5C89671C6AA6D900DE3EFF /* Base */,
			);
			name = LaunchScreen.storyboard;
			sourceTree = "<group>";
		};
/* End PBXVariantGroup section */

/* Begin XCBuildConfiguration section */
		AA5C89801C6AA6D900DE3EFF /* Debug */ = {
			isa = XCBuildConfiguration;
			buildSettings = {
				ALWAYS_SEARCH_USER_PATHS = NO;
				CLANG_CXX_LANGUAGE_STANDARD = "gnu++0x";
				CLANG_CXX_LIBRARY = "libc++";
				CLANG_ENABLE_MODULES = YES;
				CLANG_ENABLE_OBJC_ARC = YES;
				CLANG_WARN_BOOL_CONVERSION = YES;
				CLANG_WARN_CONSTANT_CONVERSION = YES;
				CLANG_WARN_DIRECT_OBJC_ISA_USAGE = YES_ERROR;
				CLANG_WARN_EMPTY_BODY = YES;
				CLANG_WARN_ENUM_CONVERSION = YES;
				CLANG_WARN_INT_CONVERSION = YES;
				CLANG_WARN_OBJC_ROOT_CLASS = YES_ERROR;
				CLANG_WARN_UNREACHABLE_CODE = YES;
				CLANG_WARN__DUPLICATE_METHOD_MATCH = YES;
				"CODE_SIGN_IDENTITY[sdk=iphoneos*]" = "iPhone Developer";
				COPY_PHASE_STRIP = NO;
				DEBUG_INFORMATION_FORMAT = dwarf;
				ENABLE_STRICT_OBJC_MSGSEND = YES;
				ENABLE_TESTABILITY = YES;
				GCC_C_LANGUAGE_STANDARD = gnu99;
				GCC_DYNAMIC_NO_PIC = NO;
				GCC_NO_COMMON_BLOCKS = YES;
				GCC_OPTIMIZATION_LEVEL = 0;
				GCC_PREPROCESSOR_DEFINITIONS = (
					"DEBUG=1",
					"$(inherited)",
				);
				GCC_WARN_64_TO_32_BIT_CONVERSION = YES;
				GCC_WARN_ABOUT_RETURN_TYPE = YES_ERROR;
				GCC_WARN_UNDECLARED_SELECTOR = YES;
				GCC_WARN_UNINITIALIZED_AUTOS = YES_AGGRESSIVE;
				GCC_WARN_UNUSED_FUNCTION = YES;
				GCC_WARN_UNUSED_VARIABLE = YES;
				IPHONEOS_DEPLOYMENT_TARGET = 9.2;
				MTL_ENABLE_DEBUG_INFO = YES;
				ONLY_ACTIVE_ARCH = YES;
				SDKROOT = iphoneos;
				SWIFT_OPTIMIZATION_LEVEL = "-Onone";
			};
			name = Debug;
		};
		AA5C89811C6AA6D900DE3EFF /* Release */ = {
			isa = XCBuildConfiguration;
			buildSettings = {
				ALWAYS_SEARCH_USER_PATHS = NO;
				CLANG_CXX_LANGUAGE_STANDARD = "gnu++0x";
				CLANG_CXX_LIBRARY = "libc++";
				CLANG_ENABLE_MODULES = YES;
				CLANG_ENABLE_OBJC_ARC = YES;
				CLANG_WARN_BOOL_CONVERSION = YES;
				CLANG_WARN_CONSTANT_CONVERSION = YES;
				CLANG_WARN_DIRECT_OBJC_ISA_USAGE = YES_ERROR;
				CLANG_WARN_EMPTY_BODY = YES;
				CLANG_WARN_ENUM_CONVERSION = YES;
				CLANG_WARN_INT_CONVERSION = YES;
				CLANG_WARN_OBJC_ROOT_CLASS = YES_ERROR;
				CLANG_WARN_UNREACHABLE_CODE = YES;
				CLANG_WARN__DUPLICATE_METHOD_MATCH = YES;
				"CODE_SIGN_IDENTITY[sdk=iphoneos*]" = "iPhone Developer";
				COPY_PHASE_STRIP = NO;
				DEBUG_INFORMATION_FORMAT = "dwarf-with-dsym";
				ENABLE_NS_ASSERTIONS = NO;
				ENABLE_STRICT_OBJC_MSGSEND = YES;
				GCC_C_LANGUAGE_STANDARD = gnu99;
				GCC_NO_COMMON_BLOCKS = YES;
				GCC_WARN_64_TO_32_BIT_CONVERSION = YES;
				GCC_WARN_ABOUT_RETURN_TYPE = YES_ERROR;
				GCC_WARN_UNDECLARED_SELECTOR = YES;
				GCC_WARN_UNINITIALIZED_AUTOS = YES_AGGRESSIVE;
				GCC_WARN_UNUSED_FUNCTION = YES;
				GCC_WARN_UNUSED_VARIABLE = YES;
				IPHONEOS_DEPLOYMENT_TARGET = 9.2;
				MTL_ENABLE_DEBUG_INFO = NO;
				SDKROOT = iphoneos;
				VALIDATE_PRODUCT = YES;
			};
			name = Release;
		};
		AA5C89831C6AA6D900DE3EFF /* Debug */ = {
			isa = XCBuildConfiguration;
			buildSettings = {
				ASSETCATALOG_COMPILER_APPICON_NAME = AppIcon;
				INFOPLIST_FILE = "Carousel Signup/Info.plist";
				LD_RUNPATH_SEARCH_PATHS = "$(inherited) @executable_path/Frameworks";
				PRODUCT_BUNDLE_IDENTIFIER = "com.nathanielhajian.Carousel-Signup";
				PRODUCT_NAME = "$(TARGET_NAME)";
			};
			name = Debug;
		};
		AA5C89841C6AA6D900DE3EFF /* Release */ = {
			isa = XCBuildConfiguration;
			buildSettings = {
				ASSETCATALOG_COMPILER_APPICON_NAME = AppIcon;
				INFOPLIST_FILE = "Carousel Signup/Info.plist";
				LD_RUNPATH_SEARCH_PATHS = "$(inherited) @executable_path/Frameworks";
				PRODUCT_BUNDLE_IDENTIFIER = "com.nathanielhajian.Carousel-Signup";
				PRODUCT_NAME = "$(TARGET_NAME)";
			};
			name = Release;
		};
		AA5C89861C6AA6D900DE3EFF /* Debug */ = {
			isa = XCBuildConfiguration;
			buildSettings = {
				BUNDLE_LOADER = "$(TEST_HOST)";
				INFOPLIST_FILE = "Carousel SignupTests/Info.plist";
				LD_RUNPATH_SEARCH_PATHS = "$(inherited) @executable_path/Frameworks @loader_path/Frameworks";
				PRODUCT_BUNDLE_IDENTIFIER = "com.nathanielhajian.Carousel-SignupTests";
				PRODUCT_NAME = "$(TARGET_NAME)";
				TEST_HOST = "$(BUILT_PRODUCTS_DIR)/Carousel Signup.app/Carousel Signup";
			};
			name = Debug;
		};
		AA5C89871C6AA6D900DE3EFF /* Release */ = {
			isa = XCBuildConfiguration;
			buildSettings = {
				BUNDLE_LOADER = "$(TEST_HOST)";
				INFOPLIST_FILE = "Carousel SignupTests/Info.plist";
				LD_RUNPATH_SEARCH_PATHS = "$(inherited) @executable_path/Frameworks @loader_path/Frameworks";
				PRODUCT_BUNDLE_IDENTIFIER = "com.nathanielhajian.Carousel-SignupTests";
				PRODUCT_NAME = "$(TARGET_NAME)";
				TEST_HOST = "$(BUILT_PRODUCTS_DIR)/Carousel Signup.app/Carousel Signup";
			};
			name = Release;
		};
		AA5C89891C6AA6D900DE3EFF /* Debug */ = {
			isa = XCBuildConfiguration;
			buildSettings = {
				INFOPLIST_FILE = "Carousel SignupUITests/Info.plist";
				LD_RUNPATH_SEARCH_PATHS = "$(inherited) @executable_path/Frameworks @loader_path/Frameworks";
				PRODUCT_BUNDLE_IDENTIFIER = "com.nathanielhajian.Carousel-SignupUITests";
				PRODUCT_NAME = "$(TARGET_NAME)";
				TEST_TARGET_NAME = "Carousel Signup";
				USES_XCTRUNNER = YES;
			};
			name = Debug;
		};
		AA5C898A1C6AA6D900DE3EFF /* Release */ = {
			isa = XCBuildConfiguration;
			buildSettings = {
				INFOPLIST_FILE = "Carousel SignupUITests/Info.plist";
				LD_RUNPATH_SEARCH_PATHS = "$(inherited) @executable_path/Frameworks @loader_path/Frameworks";
				PRODUCT_BUNDLE_IDENTIFIER = "com.nathanielhajian.Carousel-SignupUITests";
				PRODUCT_NAME = "$(TARGET_NAME)";
				TEST_TARGET_NAME = "Carousel Signup";
				USES_XCTRUNNER = YES;
			};
			name = Release;
		};
/* End XCBuildConfiguration section */

/* Begin XCConfigurationList section */
		AA5C89551C6AA6D900DE3EFF /* Build configuration list for PBXProject "Carousel Signup" */ = {
			isa = XCConfigurationList;
			buildConfigurations = (
				AA5C89801C6AA6D900DE3EFF /* Debug */,
				AA5C89811C6AA6D900DE3EFF /* Release */,
			);
			defaultConfigurationIsVisible = 0;
			defaultConfigurationName = Release;
		};
		AA5C89821C6AA6D900DE3EFF /* Build configuration list for PBXNativeTarget "Carousel Signup" */ = {
			isa = XCConfigurationList;
			buildConfigurations = (
				AA5C89831C6AA6D900DE3EFF /* Debug */,
				AA5C89841C6AA6D900DE3EFF /* Release */,
			);
			defaultConfigurationIsVisible = 0;
			defaultConfigurationName = Release;
		};
		AA5C89851C6AA6D900DE3EFF /* Build configuration list for PBXNativeTarget "Carousel SignupTests" */ = {
			isa = XCConfigurationList;
			buildConfigurations = (
				AA5C89861C6AA6D900DE3EFF /* Debug */,
				AA5C89871C6AA6D900DE3EFF /* Release */,
			);
			defaultConfigurationIsVisible = 0;
			defaultConfigurationName = Release;
		};
		AA5C89881C6AA6D900DE3EFF /* Build configuration list for PBXNativeTarget "Carousel SignupUITests" */ = {
			isa = XCConfigurationList;
			buildConfigurations = (
				AA5C89891C6AA6D900DE3EFF /* Debug */,
				AA5C898A1C6AA6D900DE3EFF /* Release */,
			);
			defaultConfigurationIsVisible = 0;
			defaultConfigurationName = Release;
		};
/* End XCConfigurationList section */
	};
	rootObject = AA5C89521C6AA6D900DE3EFF /* Project object */;
}
